
Microsoft Visual Studio Solution File, Format Version 12.00
# Visual Studio Version 17
VisualStudioVersion = 17.4.33122.133
MinimumVisualStudioVersion = 10.0.40219.1
Project("{2150E333-8FDC-42A3-9474-1A3956D46DE8}") = "Services", "Services", "{432CBB3A-7EC3-4F4D-B076-AE4576730081}"
EndProject
Project("{2150E333-8FDC-42A3-9474-1A3956D46DE8}") = "Catalog", "Catalog", "{A3CD24CC-A72B-4E80-8AC4-7B8F28DCCCC0}"
EndProject
Project("{FAE04EC0-301F-11D3-BF4B-00C04F79EFBC}") = "catalog.API", "Services\Catalog\catalog.API\catalog.API.csproj", "{8786F4CE-6E01-47A9-86A8-C372F901E8DC}"
EndProject
Global
	GlobalSection(SolutionConfigurationPlatforms) = preSolution
		Debug|Any CPU = Debug|Any CPU
		Release|Any CPU = Release|Any CPU
	EndGlobalSection
	GlobalSection(ProjectConfigurationPlatforms) = postSolution
		{8786F4CE-6E01-47A9-86A8-C372F901E8DC}.Debug|Any CPU.ActiveCfg = Debug|Any CPU
		{8786F4CE-6E01-47A9-86A8-C372F901E8DC}.Debug|Any CPU.Build.0 = Debug|Any CPU
		{8786F4CE-6E01-47A9-86A8-C372F901E8DC}.Release|Any CPU.ActiveCfg = Release|Any CPU
		{8786F4CE-6E01-47A9-86A8-C372F901E8DC}.Release|Any CPU.Build.0 = Release|Any CPU
	EndGlobalSection
	GlobalSection(SolutionProperties) = preSolution
		HideSolutionNode = FALSE
	EndGlobalSection
	GlobalSection(NestedProjects) = preSolution
		{A3CD24CC-A72B-4E80-8AC4-7B8F28DCCCC0} = {432CBB3A-7EC3-4F4D-B076-AE4576730081}
		{8786F4CE-6E01-47A9-86A8-C372F901E8DC} = {A3CD24CC-A72B-4E80-8AC4-7B8F28DCCCC0}
	EndGlobalSection
	GlobalSection(ExtensibilityGlobals) = postSolution
		SolutionGuid = {21A85BDB-4232-4254-9D05-C9DF0D5B6099}
	EndGlobalSection
EndGlobal
