
Microsoft Visual Studio Solution File, Format Version 12.00
# Visual Studio Version 17
VisualStudioVersion = 17.4.33122.133
MinimumVisualStudioVersion = 10.0.40219.1
Project("{2150E333-8FDC-42A3-9474-1A3956D46DE8}") = "Services", "Services", "{432CBB3A-7EC3-4F4D-B076-AE4576730081}"
EndProject
Project("{2150E333-8FDC-42A3-9474-1A3956D46DE8}") = "Catalog", "Catalog", "{A3CD24CC-A72B-4E80-8AC4-7B8F28DCCCC0}"
EndProject
Project("{9A19103F-16F7-4668-BE54-9A1E7A4F7556}") = "catalog.API", "Services\Catalog\catalog.API\catalog.API.csproj", "{8786F4CE-6E01-47A9-86A8-C372F901E8DC}"
EndProject
Project("{E53339B2-1760-4266-BCC7-CA923CBCF16C}") = "docker-compose", "docker-compose.dcproj", "{78427579-F617-4C22-9AF3-C6F5D35E2E1C}"
EndProject
Project("{2150E333-8FDC-42A3-9474-1A3956D46DE8}") = "Basket", "Basket", "{8BC323E6-C164-4172-A7D9-1415C2A14857}"
EndProject
Project("{9A19103F-16F7-4668-BE54-9A1E7A4F7556}") = "Basket.API", "Services\Basket\Basket.API\Basket.API.csproj", "{0BC50DCD-1FB9-4491-B1AB-E2018A1514DD}"
EndProject
Project("{2150E333-8FDC-42A3-9474-1A3956D46DE8}") = "Discount", "Discount", "{F370E36F-C5AC-4CFB-9C59-EEF40162E06E}"
EndProject
Project("{9A19103F-16F7-4668-BE54-9A1E7A4F7556}") = "Discount.API", "Services\Discount\Discount.API\Discount.API.csproj", "{BA3457E8-9AB3-4C20-8EB8-7CE6A41B7E54}"
EndProject
Project("{FAE04EC0-301F-11D3-BF4B-00C04F79EFBC}") = "Discount.grpc", "Services\Discount\Discount.grpc\Discount.grpc.csproj", "{32658810-C671-4144-9E1E-08D36628CC63}"
EndProject
Global
	GlobalSection(SolutionConfigurationPlatforms) = preSolution
		Debug|Any CPU = Debug|Any CPU
		Release|Any CPU = Release|Any CPU
	EndGlobalSection
	GlobalSection(ProjectConfigurationPlatforms) = postSolution
		{8786F4CE-6E01-47A9-86A8-C372F901E8DC}.Debug|Any CPU.ActiveCfg = Debug|Any CPU
		{8786F4CE-6E01-47A9-86A8-C372F901E8DC}.Debug|Any CPU.Build.0 = Debug|Any CPU
		{8786F4CE-6E01-47A9-86A8-C372F901E8DC}.Release|Any CPU.ActiveCfg = Release|Any CPU
		{8786F4CE-6E01-47A9-86A8-C372F901E8DC}.Release|Any CPU.Build.0 = Release|Any CPU
		{78427579-F617-4C22-9AF3-C6F5D35E2E1C}.Debug|Any CPU.ActiveCfg = Debug|Any CPU
		{78427579-F617-4C22-9AF3-C6F5D35E2E1C}.Debug|Any CPU.Build.0 = Debug|Any CPU
		{78427579-F617-4C22-9AF3-C6F5D35E2E1C}.Release|Any CPU.ActiveCfg = Release|Any CPU
		{78427579-F617-4C22-9AF3-C6F5D35E2E1C}.Release|Any CPU.Build.0 = Release|Any CPU
		{0BC50DCD-1FB9-4491-B1AB-E2018A1514DD}.Debug|Any CPU.ActiveCfg = Debug|Any CPU
		{0BC50DCD-1FB9-4491-B1AB-E2018A1514DD}.Debug|Any CPU.Build.0 = Debug|Any CPU
		{0BC50DCD-1FB9-4491-B1AB-E2018A1514DD}.Release|Any CPU.ActiveCfg = Release|Any CPU
		{0BC50DCD-1FB9-4491-B1AB-E2018A1514DD}.Release|Any CPU.Build.0 = Release|Any CPU
		{BA3457E8-9AB3-4C20-8EB8-7CE6A41B7E54}.Debug|Any CPU.ActiveCfg = Debug|Any CPU
		{BA3457E8-9AB3-4C20-8EB8-7CE6A41B7E54}.Debug|Any CPU.Build.0 = Debug|Any CPU
		{BA3457E8-9AB3-4C20-8EB8-7CE6A41B7E54}.Release|Any CPU.ActiveCfg = Release|Any CPU
		{BA3457E8-9AB3-4C20-8EB8-7CE6A41B7E54}.Release|Any CPU.Build.0 = Release|Any CPU
		{32658810-C671-4144-9E1E-08D36628CC63}.Debug|Any CPU.ActiveCfg = Debug|Any CPU
		{32658810-C671-4144-9E1E-08D36628CC63}.Debug|Any CPU.Build.0 = Debug|Any CPU
		{32658810-C671-4144-9E1E-08D36628CC63}.Release|Any CPU.ActiveCfg = Release|Any CPU
		{32658810-C671-4144-9E1E-08D36628CC63}.Release|Any CPU.Build.0 = Release|Any CPU
	EndGlobalSection
	GlobalSection(SolutionProperties) = preSolution
		HideSolutionNode = FALSE
	EndGlobalSection
	GlobalSection(NestedProjects) = preSolution
		{A3CD24CC-A72B-4E80-8AC4-7B8F28DCCCC0} = {432CBB3A-7EC3-4F4D-B076-AE4576730081}
		{8786F4CE-6E01-47A9-86A8-C372F901E8DC} = {A3CD24CC-A72B-4E80-8AC4-7B8F28DCCCC0}
		{8BC323E6-C164-4172-A7D9-1415C2A14857} = {432CBB3A-7EC3-4F4D-B076-AE4576730081}
		{0BC50DCD-1FB9-4491-B1AB-E2018A1514DD} = {8BC323E6-C164-4172-A7D9-1415C2A14857}
		{F370E36F-C5AC-4CFB-9C59-EEF40162E06E} = {432CBB3A-7EC3-4F4D-B076-AE4576730081}
		{BA3457E8-9AB3-4C20-8EB8-7CE6A41B7E54} = {F370E36F-C5AC-4CFB-9C59-EEF40162E06E}
		{32658810-C671-4144-9E1E-08D36628CC63} = {F370E36F-C5AC-4CFB-9C59-EEF40162E06E}
	EndGlobalSection
	GlobalSection(ExtensibilityGlobals) = postSolution
		SolutionGuid = {21A85BDB-4232-4254-9D05-C9DF0D5B6099}
	EndGlobalSection
EndGlobal
